
Microsoft Visual Studio Solution File, Format Version 12.00
# Visual Studio Version 16
VisualStudioVersion = 16.0.34601.136
MinimumVisualStudioVersion = 10.0.40219.1
Project("{FAE04EC0-301F-11D3-BF4B-00C04F79EFBC}") = "Employeemanagement", "Employeemanagement\Employeemanagement.csproj", "{D0C1F94C-B0FD-4DCD-9CCB-CA4165A20506}"
EndProject
Global
	GlobalSection(SolutionConfigurationPlatforms) = preSolution
		Debug|Any CPU = Debug|Any CPU
		Release|Any CPU = Release|Any CPU
	EndGlobalSection
	GlobalSection(ProjectConfigurationPlatforms) = postSolution
		{D0C1F94C-B0FD-4DCD-9CCB-CA4165A20506}.Debug|Any CPU.ActiveCfg = Debug|Any CPU
		{D0C1F94C-B0FD-4DCD-9CCB-CA4165A20506}.Debug|Any CPU.Build.0 = Debug|Any CPU
		{D0C1F94C-B0FD-4DCD-9CCB-CA4165A20506}.Release|Any CPU.ActiveCfg = Release|Any CPU
		{D0C1F94C-B0FD-4DCD-9CCB-CA4165A20506}.Release|Any CPU.Build.0 = Release|Any CPU
	EndGlobalSection
	GlobalSection(SolutionProperties) = preSolution
		HideSolutionNode = FALSE
	EndGlobalSection
	GlobalSection(ExtensibilityGlobals) = postSolution
		SolutionGuid = {A474E678-FCCA-4111-9FD7-55AB39BEBD17}
	EndGlobalSection
EndGlobal
