
Microsoft Visual Studio Solution File, Format Version 12.00
# Visual Studio Version 16
VisualStudioVersion = 16.0.34601.136
MinimumVisualStudioVersion = 10.0.40219.1
Project("{FAE04EC0-301F-11D3-BF4B-00C04F79EFBC}") = "ConcessionLibrary", "ConcessionLibrary\ConcessionLibrary.csproj", "{58937CB9-0A57-44EF-B08B-1A43616DBFC9}"
EndProject
Project("{FAE04EC0-301F-11D3-BF4B-00C04F79EFBC}") = "LambdaQuery", "LambdaQuery\LambdaQuery.csproj", "{6C973339-4402-4CD8-A1B0-BBA085CCCE2B}"
EndProject
Global
	GlobalSection(SolutionConfigurationPlatforms) = preSolution
		Debug|Any CPU = Debug|Any CPU
		Release|Any CPU = Release|Any CPU
	EndGlobalSection
	GlobalSection(ProjectConfigurationPlatforms) = postSolution
		{58937CB9-0A57-44EF-B08B-1A43616DBFC9}.Debug|Any CPU.ActiveCfg = Debug|Any CPU
		{58937CB9-0A57-44EF-B08B-1A43616DBFC9}.Debug|Any CPU.Build.0 = Debug|Any CPU
		{58937CB9-0A57-44EF-B08B-1A43616DBFC9}.Release|Any CPU.ActiveCfg = Release|Any CPU
		{58937CB9-0A57-44EF-B08B-1A43616DBFC9}.Release|Any CPU.Build.0 = Release|Any CPU
		{6C973339-4402-4CD8-A1B0-BBA085CCCE2B}.Debug|Any CPU.ActiveCfg = Debug|Any CPU
		{6C973339-4402-4CD8-A1B0-BBA085CCCE2B}.Debug|Any CPU.Build.0 = Debug|Any CPU
		{6C973339-4402-4CD8-A1B0-BBA085CCCE2B}.Release|Any CPU.ActiveCfg = Release|Any CPU
		{6C973339-4402-4CD8-A1B0-BBA085CCCE2B}.Release|Any CPU.Build.0 = Release|Any CPU
	EndGlobalSection
	GlobalSection(SolutionProperties) = preSolution
		HideSolutionNode = FALSE
	EndGlobalSection
	GlobalSection(ExtensibilityGlobals) = postSolution
		SolutionGuid = {87AD6569-846E-40D6-AD04-44FAB406E563}
	EndGlobalSection
EndGlobal
