
Microsoft Visual Studio Solution File, Format Version 12.00
# Visual Studio Version 16
VisualStudioVersion = 16.0.34601.136
MinimumVisualStudioVersion = 10.0.40219.1
Project("{FAE04EC0-301F-11D3-BF4B-00C04F79EFBC}") = "task1", "task1\task1.csproj", "{BBBD8699-1C59-4D0C-BD83-D4E088BF28D9}"
EndProject
Global
	GlobalSection(SolutionConfigurationPlatforms) = preSolution
		Debug|Any CPU = Debug|Any CPU
		Release|Any CPU = Release|Any CPU
	EndGlobalSection
	GlobalSection(ProjectConfigurationPlatforms) = postSolution
		{BBBD8699-1C59-4D0C-BD83-D4E088BF28D9}.Debug|Any CPU.ActiveCfg = Debug|Any CPU
		{BBBD8699-1C59-4D0C-BD83-D4E088BF28D9}.Debug|Any CPU.Build.0 = Debug|Any CPU
		{BBBD8699-1C59-4D0C-BD83-D4E088BF28D9}.Release|Any CPU.ActiveCfg = Release|Any CPU
		{BBBD8699-1C59-4D0C-BD83-D4E088BF28D9}.Release|Any CPU.Build.0 = Release|Any CPU
	EndGlobalSection
	GlobalSection(SolutionProperties) = preSolution
		HideSolutionNode = FALSE
	EndGlobalSection
	GlobalSection(ExtensibilityGlobals) = postSolution
		SolutionGuid = {76E56BED-B9BA-4377-926D-E22E9B9EA3A2}
	EndGlobalSection
EndGlobal
